Microsoft Visual Studio Solution File, Format Version 12.00
# Visual Studio Version 17
VisualStudioVersion = 17.5.2.0
MinimumVisualStudioVersion = 10.0.40219.1
Project("{FAE04EC0-301F-11D3-BF4B-00C04F79EFBC}") = "StockPredictionAPI", "StockPredictionAPI.csproj", "{8AE96115-F99A-6678-EFE3-6AB117D5882E}"
EndProject
Global
	GlobalSection(SolutionConfigurationPlatforms) = preSolution
		Debug|Any CPU = Debug|Any CPU
		Release|Any CPU = Release|Any CPU
	EndGlobalSection
	GlobalSection(ProjectConfigurationPlatforms) = postSolution
		{8AE96115-F99A-6678-EFE3-6AB117D5882E}.Debug|Any CPU.ActiveCfg = Debug|Any CPU
		{8AE96115-F99A-6678-EFE3-6AB117D5882E}.Debug|Any CPU.Build.0 = Debug|Any CPU
		{8AE96115-F99A-6678-EFE3-6AB117D5882E}.Release|Any CPU.ActiveCfg = Release|Any CPU
		{8AE96115-F99A-6678-EFE3-6AB117D5882E}.Release|Any CPU.Build.0 = Release|Any CPU
	EndGlobalSection
	GlobalSection(SolutionProperties) = preSolution
		HideSolutionNode = FALSE
	EndGlobalSection
	GlobalSection(ExtensibilityGlobals) = postSolution
		SolutionGuid = {CC56A750-28D8-4817-A9BC-28C8D6604546}
	EndGlobalSection
EndGlobal
